
Microsoft Visual Studio Solution File, Format Version 12.00
# Visual Studio 2012
Project("{FAE04EC0-301F-11D3-BF4B-00C04F79EFBC}") = "network-drive-utility", "network-drive-utility\network-drive-utility.csproj", "{9A71A269-FDB8-42E3-99A8-3D9191483D09}"
EndProject
Global
	GlobalSection(SolutionConfigurationPlatforms) = preSolution
		Debug|Any CPU = Debug|Any CPU
		Release|Any CPU = Release|Any CPU
	EndGlobalSection
	GlobalSection(ProjectConfigurationPlatforms) = postSolution
		{9A71A269-FDB8-42E3-99A8-3D9191483D09}.Debug|Any CPU.ActiveCfg = Debug|Any CPU
		{9A71A269-FDB8-42E3-99A8-3D9191483D09}.Debug|Any CPU.Build.0 = Debug|Any CPU
		{9A71A269-FDB8-42E3-99A8-3D9191483D09}.Release|Any CPU.ActiveCfg = Release|Any CPU
		{9A71A269-FDB8-42E3-99A8-3D9191483D09}.Release|Any CPU.Build.0 = Release|Any CPU
	EndGlobalSection
	GlobalSection(SolutionProperties) = preSolution
		HideSolutionNode = FALSE
	EndGlobalSection
	GlobalSection(Performance) = preSolution
		HasPerformanceSessions = true
	EndGlobalSection
	GlobalSection(NDepend) = preSolution
		Project = ".\network-drive-utility.ndproj"
	EndGlobalSection
EndGlobal
